// !$*UTF8*$!
{
	archiveVersion = 1;
	classes = {
	};
	objectVersion = 56;
	objects = {

/* Begin PBXBuildFile section */
		AFD326052ACBC7BE00A40061 /* TestButtonActionApp.swift in Sources */ = {isa = PBXBuildFile; fileRef = AFD326042ACBC7BE00A40061 /* TestButtonActionApp.swift */; };
		AFD326072ACBC7BE00A40061 /* GestureButton.swift in Sources */ = {isa = PBXBuildFile; fileRef = AFD326062ACBC7BE00A40061 /* GestureButton.swift */; };
		AFD326092ACBC7BF00A40061 /* Assets.xcassets in Resources */ = {isa = PBXBuildFile; fileRef = AFD326082ACBC7BF00A40061 /* Assets.xcassets */; };
		AFD3260C2ACBC7BF00A40061 /* Preview Assets.xcassets in Resources */ = {isa = PBXBuildFile; fileRef = AFD3260B2ACBC7BF00A40061 /* Preview Assets.xcassets */; };
		AFD326162ACBC7BF00A40061 /* TestButtonActionTests.swift in Sources */ = {isa = PBXBuildFile; fileRef = AFD326152ACBC7BF00A40061 /* TestButtonActionTests.swift */; };
		AFD326202ACBC7BF00A40061 /* TestButtonActionUITests.swift in Sources */ = {isa = PBXBuildFile; fileRef = AFD3261F2ACBC7BF00A40061 /* TestButtonActionUITests.swift */; };
		AFD326222ACBC7BF00A40061 /* TestButtonActionUITestsLaunchTests.swift in Sources */ = {isa = PBXBuildFile; fileRef = AFD326212ACBC7BF00A40061 /* TestButtonActionUITestsLaunchTests.swift */; };
		AFD3262F2ACBC84E00A40061 /* Color+Ext.swift in Sources */ = {isa = PBXBuildFile; fileRef = AFD3262E2ACBC84E00A40061 /* Color+Ext.swift */; };
		AFD326312ACBC86400A40061 /* RepeatGestureTimer.swift in Sources */ = {isa = PBXBuildFile; fileRef = AFD326302ACBC86400A40061 /* RepeatGestureTimer.swift */; };
		AFD326332ACBC87600A40061 /* GestureButtonDefaults.swift in Sources */ = {isa = PBXBuildFile; fileRef = AFD326322ACBC87600A40061 /* GestureButtonDefaults.swift */; };
		AFD326372ACBC8CF00A40061 /* ContentView.swift in Sources */ = {isa = PBXBuildFile; fileRef = AFD326362ACBC8CF00A40061 /* ContentView.swift */; };
/* End PBXBuildFile section */

/* Begin PBXContainerItemProxy section */
		AFD326122ACBC7BF00A40061 /* PBXContainerItemProxy */ = {
			isa = PBXContainerItemProxy;
			containerPortal = AFD325F92ACBC7BE00A40061 /* Project object */;
			proxyType = 1;
			remoteGlobalIDString = AFD326002ACBC7BE00A40061;
			remoteInfo = TestButtonAction;
		};
		AFD3261C2ACBC7BF00A40061 /* PBXContainerItemProxy */ = {
			isa = PBXContainerItemProxy;
			containerPortal = AFD325F92ACBC7BE00A40061 /* Project object */;
			proxyType = 1;
			remoteGlobalIDString = AFD326002ACBC7BE00A40061;
			remoteInfo = TestButtonAction;
		};
/* End PBXContainerItemProxy section */

/* Begin PBXFileReference section */
		AFD326012ACBC7BE00A40061 /* TestButtonAction.app */ = {isa = PBXFileReference; explicitFileType = wrapper.application; includeInIndex = 0; path = TestButtonAction.app; sourceTree = BUILT_PRODUCTS_DIR; };
		AFD326042ACBC7BE00A40061 /* TestButtonActionApp.swift */ = {isa = PBXFileReference; lastKnownFileType = sourcecode.swift; path = TestButtonActionApp.swift; sourceTree = "<group>"; };
		AFD326062ACBC7BE00A40061 /* GestureButton.swift */ = {isa = PBXFileReference; lastKnownFileType = sourcecode.swift; path = GestureButton.swift; sourceTree = "<group>"; };
		AFD326082ACBC7BF00A40061 /* Assets.xcassets */ = {isa = PBXFileReference; lastKnownFileType = folder.assetcatalog; path = Assets.xcassets; sourceTree = "<group>"; };
		AFD3260B2ACBC7BF00A40061 /* Preview Assets.xcassets */ = {isa = PBXFileReference; lastKnownFileType = folder.assetcatalog; path = "Preview Assets.xcassets"; sourceTree = "<group>"; };
		AFD326112ACBC7BF00A40061 /* TestButtonActionTests.xctest */ = {isa = PBXFileReference; explicitFileType = wrapper.cfbundle; includeInIndex = 0; path = TestButtonActionTests.xctest; sourceTree = BUILT_PRODUCTS_DIR; };
		AFD326152ACBC7BF00A40061 /* TestButtonActionTests.swift */ = {isa = PBXFileReference; lastKnownFileType = sourcecode.swift; path = TestButtonActionTests.swift; sourceTree = "<group>"; };
		AFD3261B2ACBC7BF00A40061 /* TestButtonActionUITests.xctest */ = {isa = PBXFileReference; explicitFileType = wrapper.cfbundle; includeInIndex = 0; path = TestButtonActionUITests.xctest; sourceTree = BUILT_PRODUCTS_DIR; };
		AFD3261F2ACBC7BF00A40061 /* TestButtonActionUITests.swift */ = {isa = PBXFileReference; lastKnownFileType = sourcecode.swift; path = TestButtonActionUITests.swift; sourceTree = "<group>"; };
		AFD326212ACBC7BF00A40061 /* TestButtonActionUITestsLaunchTests.swift */ = {isa = PBXFileReference; lastKnownFileType = sourcecode.swift; path = TestButtonActionUITestsLaunchTests.swift; sourceTree = "<group>"; };
		AFD3262E2ACBC84E00A40061 /* Color+Ext.swift */ = {isa = PBXFileReference; lastKnownFileType = sourcecode.swift; path = "Color+Ext.swift"; sourceTree = "<group>"; };
		AFD326302ACBC86400A40061 /* RepeatGestureTimer.swift */ = {isa = PBXFileReference; lastKnownFileType = sourcecode.swift; path = RepeatGestureTimer.swift; sourceTree = "<group>"; };
		AFD326322ACBC87600A40061 /* GestureButtonDefaults.swift */ = {isa = PBXFileReference; lastKnownFileType = sourcecode.swift; path = GestureButtonDefaults.swift; sourceTree = "<group>"; };
		AFD326362ACBC8CF00A40061 /* ContentView.swift */ = {isa = PBXFileReference; lastKnownFileType = sourcecode.swift; path = ContentView.swift; sourceTree = "<group>"; };
/* End PBXFileReference section */

/* Begin PBXFrameworksBuildPhase section */
		AFD325FE2ACBC7BE00A40061 /* Frameworks */ = {
			isa = PBXFrameworksBuildPhase;
			buildActionMask = 2147483647;
			files = (
			);
			runOnlyForDeploymentPostprocessing = 0;
		};
		AFD3260E2ACBC7BF00A40061 /* Frameworks */ = {
			isa = PBXFrameworksBuildPhase;
			buildActionMask = 2147483647;
			files = (
			);
			runOnlyForDeploymentPostprocessing = 0;
		};
		AFD326182ACBC7BF00A40061 /* Frameworks */ = {
			isa = PBXFrameworksBuildPhase;
			buildActionMask = 2147483647;
			files = (
			);
			runOnlyForDeploymentPostprocessing = 0;
		};
/* End PBXFrameworksBuildPhase section */

/* Begin PBXGroup section */
		AFD325F82ACBC7BE00A40061 = {
			isa = PBXGroup;
			children = (
				AFD326032ACBC7BE00A40061 /* TestButtonAction */,
				AFD326142ACBC7BF00A40061 /* TestButtonActionTests */,
				AFD3261E2ACBC7BF00A40061 /* TestButtonActionUITests */,
				AFD326022ACBC7BE00A40061 /* Products */,
			);
			sourceTree = "<group>";
		};
		AFD326022ACBC7BE00A40061 /* Products */ = {
			isa = PBXGroup;
			children = (
				AFD326012ACBC7BE00A40061 /* TestButtonAction.app */,
				AFD326112ACBC7BF00A40061 /* TestButtonActionTests.xctest */,
				AFD3261B2ACBC7BF00A40061 /* TestButtonActionUITests.xctest */,
			);
			name = Products;
			sourceTree = "<group>";
		};
		AFD326032ACBC7BE00A40061 /* TestButtonAction */ = {
			isa = PBXGroup;
			children = (
				AFD326042ACBC7BE00A40061 /* TestButtonActionApp.swift */,
				AFD326362ACBC8CF00A40061 /* ContentView.swift */,
				AFD326062ACBC7BE00A40061 /* GestureButton.swift */,
				AFD3262E2ACBC84E00A40061 /* Color+Ext.swift */,
				AFD326302ACBC86400A40061 /* RepeatGestureTimer.swift */,
				AFD326322ACBC87600A40061 /* GestureButtonDefaults.swift */,
				AFD326082ACBC7BF00A40061 /* Assets.xcassets */,
				AFD3260A2ACBC7BF00A40061 /* Preview Content */,
			);
			path = TestButtonAction;
			sourceTree = "<group>";
		};
		AFD3260A2ACBC7BF00A40061 /* Preview Content */ = {
			isa = PBXGroup;
			children = (
				AFD3260B2ACBC7BF00A40061 /* Preview Assets.xcassets */,
			);
			path = "Preview Content";
			sourceTree = "<group>";
		};
		AFD326142ACBC7BF00A40061 /* TestButtonActionTests */ = {
			isa = PBXGroup;
			children = (
				AFD326152ACBC7BF00A40061 /* TestButtonActionTests.swift */,
			);
			path = TestButtonActionTests;
			sourceTree = "<group>";
		};
		AFD3261E2ACBC7BF00A40061 /* TestButtonActionUITests */ = {
			isa = PBXGroup;
			children = (
				AFD3261F2ACBC7BF00A40061 /* TestButtonActionUITests.swift */,
				AFD326212ACBC7BF00A40061 /* TestButtonActionUITestsLaunchTests.swift */,
			);
			path = TestButtonActionUITests;
			sourceTree = "<group>";
		};
/* End PBXGroup section */

/* Begin PBXNativeTarget section */
		AFD326002ACBC7BE00A40061 /* TestButtonAction */ = {
			isa = PBXNativeTarget;
			buildConfigurationList = AFD326252ACBC7BF00A40061 /* Build configuration list for PBXNativeTarget "TestButtonAction" */;
			buildPhases = (
				AFD325FD2ACBC7BE00A40061 /* Sources */,
				AFD325FE2ACBC7BE00A40061 /* Frameworks */,
				AFD325FF2ACBC7BE00A40061 /* Resources */,
			);
			buildRules = (
			);
			dependencies = (
			);
			name = TestButtonAction;
			productName = TestButtonAction;
			productReference = AFD326012ACBC7BE00A40061 /* TestButtonAction.app */;
			productType = "com.apple.product-type.application";
		};
		AFD326102ACBC7BF00A40061 /* TestButtonActionTests */ = {
			isa = PBXNativeTarget;
			buildConfigurationList = AFD326282ACBC7BF00A40061 /* Build configuration list for PBXNativeTarget "TestButtonActionTests" */;
			buildPhases = (
				AFD3260D2ACBC7BF00A40061 /* Sources */,
				AFD3260E2ACBC7BF00A40061 /* Frameworks */,
				AFD3260F2ACBC7BF00A40061 /* Resources */,
			);
			buildRules = (
			);
			dependencies = (
				AFD326132ACBC7BF00A40061 /* PBXTargetDependency */,
			);
			name = TestButtonActionTests;
			productName = TestButtonActionTests;
			productReference = AFD326112ACBC7BF00A40061 /* TestButtonActionTests.xctest */;
			productType = "com.apple.product-type.bundle.unit-test";
		};
		AFD3261A2ACBC7BF00A40061 /* TestButtonActionUITests */ = {
			isa = PBXNativeTarget;
			buildConfigurationList = AFD3262B2ACBC7BF00A40061 /* Build configuration list for PBXNativeTarget "TestButtonActionUITests" */;
			buildPhases = (
				AFD326172ACBC7BF00A40061 /* Sources */,
				AFD326182ACBC7BF00A40061 /* Frameworks */,
				AFD326192ACBC7BF00A40061 /* Resources */,
			);
			buildRules = (
			);
			dependencies = (
				AFD3261D2ACBC7BF00A40061 /* PBXTargetDependency */,
			);
			name = TestButtonActionUITests;
			productName = TestButtonActionUITests;
			productReference = AFD3261B2ACBC7BF00A40061 /* TestButtonActionUITests.xctest */;
			productType = "com.apple.product-type.bundle.ui-testing";
		};
/* End PBXNativeTarget section */

/* Begin PBXProject section */
		AFD325F92ACBC7BE00A40061 /* Project object */ = {
			isa = PBXProject;
			attributes = {
				BuildIndependentTargetsInParallel = 1;
				LastSwiftUpdateCheck = 1500;
				LastUpgradeCheck = 1500;
				TargetAttributes = {
					AFD326002ACBC7BE00A40061 = {
						CreatedOnToolsVersion = 15.0;
					};
					AFD326102ACBC7BF00A40061 = {
						CreatedOnToolsVersion = 15.0;
						TestTargetID = AFD326002ACBC7BE00A40061;
					};
					AFD3261A2ACBC7BF00A40061 = {
						CreatedOnToolsVersion = 15.0;
						TestTargetID = AFD326002ACBC7BE00A40061;
					};
				};
			};
			buildConfigurationList = AFD325FC2ACBC7BE00A40061 /* Build configuration list for PBXProject "TestButtonAction" */;
			compatibilityVersion = "Xcode 14.0";
			developmentRegion = en;
			hasScannedForEncodings = 0;
			knownRegions = (
				en,
				Base,
			);
			mainGroup = AFD325F82ACBC7BE00A40061;
			productRefGroup = AFD326022ACBC7BE00A40061 /* Products */;
			projectDirPath = "";
			projectRoot = "";
			targets = (
				AFD326002ACBC7BE00A40061 /* TestButtonAction */,
				AFD326102ACBC7BF00A40061 /* TestButtonActionTests */,
				AFD3261A2ACBC7BF00A40061 /* TestButtonActionUITests */,
			);
		};
/* End PBXProject section */

/* Begin PBXResourcesBuildPhase section */
		AFD325FF2ACBC7BE00A40061 /* Resources */ = {
			isa = PBXResourcesBuildPhase;
			buildActionMask = 2147483647;
			files = (
				AFD3260C2ACBC7BF00A40061 /* Preview Assets.xcassets in Resources */,
				AFD326092ACBC7BF00A40061 /* Assets.xcassets in Resources */,
			);
			runOnlyForDeploymentPostprocessing = 0;
		};
		AFD3260F2ACBC7BF00A40061 /* Resources */ = {
			isa = PBXResourcesBuildPhase;
			buildActionMask = 2147483647;
			files = (
			);
			runOnlyForDeploymentPostprocessing = 0;
		};
		AFD326192ACBC7BF00A40061 /* Resources */ = {
			isa = PBXResourcesBuildPhase;
			buildActionMask = 2147483647;
			files = (
			);
			runOnlyForDeploymentPostprocessing = 0;
		};
/* End PBXResourcesBuildPhase section */

/* Begin PBXSourcesBuildPhase section */
		AFD325FD2ACBC7BE00A40061 /* Sources */ = {
			isa = PBXSourcesBuildPhase;
			buildActionMask = 2147483647;
			files = (
				AFD326312ACBC86400A40061 /* RepeatGestureTimer.swift in Sources */,
				AFD326072ACBC7BE00A40061 /* GestureButton.swift in Sources */,
				AFD326372ACBC8CF00A40061 /* ContentView.swift in Sources */,
				AFD326052ACBC7BE00A40061 /* TestButtonActionApp.swift in Sources */,
				AFD326332ACBC87600A40061 /* GestureButtonDefaults.swift in Sources */,
				AFD3262F2ACBC84E00A40061 /* Color+Ext.swift in Sources */,
			);
			runOnlyForDeploymentPostprocessing = 0;
		};
		AFD3260D2ACBC7BF00A40061 /* Sources */ = {
			isa = PBXSourcesBuildPhase;
			buildActionMask = 2147483647;
			files = (
				AFD326162ACBC7BF00A40061 /* TestButtonActionTests.swift in Sources */,
			);
			runOnlyForDeploymentPostprocessing = 0;
		};
		AFD326172ACBC7BF00A40061 /* Sources */ = {
			isa = PBXSourcesBuildPhase;
			buildActionMask = 2147483647;
			files = (
				AFD326222ACBC7BF00A40061 /* TestButtonActionUITestsLaunchTests.swift in Sources */,
				AFD326202ACBC7BF00A40061 /* TestButtonActionUITests.swift in Sources */,
			);
			runOnlyForDeploymentPostprocessing = 0;
		};
/* End PBXSourcesBuildPhase section */

/* Begin PBXTargetDependency section */
		AFD326132ACBC7BF00A40061 /* PBXTargetDependency */ = {
			isa = PBXTargetDependency;
			target = AFD326002ACBC7BE00A40061 /* TestButtonAction */;
			targetProxy = AFD326122ACBC7BF00A40061 /* PBXContainerItemProxy */;
		};
		AFD3261D2ACBC7BF00A40061 /* PBXTargetDependency */ = {
			isa = PBXTargetDependency;
			target = AFD326002ACBC7BE00A40061 /* TestButtonAction */;
			targetProxy = AFD3261C2ACBC7BF00A40061 /* PBXContainerItemProxy */;
		};
/* End PBXTargetDependency section */

/* Begin XCBuildConfiguration section */
		AFD326232ACBC7BF00A40061 /* Debug */ = {
			isa = XCBuildConfiguration;
			buildSettings = {
				ALWAYS_SEARCH_USER_PATHS = NO;
				ASSETCATALOG_COMPILER_GENERATE_SWIFT_ASSET_SYMBOL_EXTENSIONS = YES;
				CLANG_ANALYZER_NONNULL = YES;
				CLANG_ANALYZER_NUMBER_OBJECT_CONVERSION = YES_AGGRESSIVE;
				CLANG_CXX_LANGUAGE_STANDARD = "gnu++20";
				CLANG_ENABLE_MODULES = YES;
				CLANG_ENABLE_OBJC_ARC = YES;
				CLANG_ENABLE_OBJC_WEAK = YES;
				CLANG_WARN_BLOCK_CAPTURE_AUTORELEASING = YES;
				CLANG_WARN_BOOL_CONVERSION = YES;
				CLANG_WARN_COMMA = YES;
				CLANG_WARN_CONSTANT_CONVERSION = YES;
				CLANG_WARN_DEPRECATED_OBJC_IMPLEMENTATIONS = YES;
				CLANG_WARN_DIRECT_OBJC_ISA_USAGE = YES_ERROR;
				CLANG_WARN_DOCUMENTATION_COMMENTS = YES;
				CLANG_WARN_EMPTY_BODY = YES;
				CLANG_WARN_ENUM_CONVERSION = YES;
				CLANG_WARN_INFINITE_RECURSION = YES;
				CLANG_WARN_INT_CONVERSION = YES;
				CLANG_WARN_NON_LITERAL_NULL_CONVERSION = YES;
				CLANG_WARN_OBJC_IMPLICIT_RETAIN_SELF = YES;
				CLANG_WARN_OBJC_LITERAL_CONVERSION = YES;
				CLANG_WARN_OBJC_ROOT_CLASS = YES_ERROR;
				CLANG_WARN_QUOTED_INCLUDE_IN_FRAMEWORK_HEADER = YES;
				CLANG_WARN_RANGE_LOOP_ANALYSIS = YES;
				CLANG_WARN_STRICT_PROTOTYPES = YES;
				CLANG_WARN_SUSPICIOUS_MOVE = YES;
				CLANG_WARN_UNGUARDED_AVAILABILITY = YES_AGGRESSIVE;
				CLANG_WARN_UNREACHABLE_CODE = YES;
				CLANG_WARN__DUPLICATE_METHOD_MATCH = YES;
				COPY_PHASE_STRIP = NO;
				DEBUG_INFORMATION_FORMAT = dwarf;
				ENABLE_STRICT_OBJC_MSGSEND = YES;
				ENABLE_TESTABILITY = YES;
				ENABLE_USER_SCRIPT_SANDBOXING = YES;
				GCC_C_LANGUAGE_STANDARD = gnu17;
				GCC_DYNAMIC_NO_PIC = NO;
				GCC_NO_COMMON_BLOCKS = YES;
				GCC_OPTIMIZATION_LEVEL = 0;
				GCC_PREPROCESSOR_DEFINITIONS = (
					"DEBUG=1",
					"$(inherited)",
				);
				GCC_WARN_64_TO_32_BIT_CONVERSION = YES;
				GCC_WARN_ABOUT_RETURN_TYPE = YES_ERROR;
				GCC_WARN_UNDECLARED_SELECTOR = YES;
				GCC_WARN_UNINITIALIZED_AUTOS = YES_AGGRESSIVE;
				GCC_WARN_UNUSED_FUNCTION = YES;
				GCC_WARN_UNUSED_VARIABLE = YES;
				IPHONEOS_DEPLOYMENT_TARGET = 17.0;
				LOCALIZATION_PREFERS_STRING_CATALOGS = YES;
				MTL_ENABLE_DEBUG_INFO = INCLUDE_SOURCE;
				MTL_FAST_MATH = YES;
				ONLY_ACTIVE_ARCH = YES;
				SDKROOT = iphoneos;
				SWIFT_ACTIVE_COMPILATION_CONDITIONS = "DEBUG $(inherited)";
				SWIFT_OPTIMIZATION_LEVEL = "-Onone";
			};
			name = Debug;
		};
		AFD326242ACBC7BF00A40061 /* Release */ = {
			isa = XCBuildConfiguration;
			buildSettings = {
				ALWAYS_SEARCH_USER_PATHS = NO;
				ASSETCATALOG_COMPILER_GENERATE_SWIFT_ASSET_SYMBOL_EXTENSIONS = YES;
				CLANG_ANALYZER_NONNULL = YES;
				CLANG_ANALYZER_NUMBER_OBJECT_CONVERSION = YES_AGGRESSIVE;
				CLANG_CXX_LANGUAGE_STANDARD = "gnu++20";
				CLANG_ENABLE_MODULES = YES;
				CLANG_ENABLE_OBJC_ARC = YES;
				CLANG_ENABLE_OBJC_WEAK = YES;
				CLANG_WARN_BLOCK_CAPTURE_AUTORELEASING = YES;
				CLANG_WARN_BOOL_CONVERSION = YES;
				CLANG_WARN_COMMA = YES;
				CLANG_WARN_CONSTANT_CONVERSION = YES;
				CLANG_WARN_DEPRECATED_OBJC_IMPLEMENTATIONS = YES;
				CLANG_WARN_DIRECT_OBJC_ISA_USAGE = YES_ERROR;
				CLANG_WARN_DOCUMENTATION_COMMENTS = YES;
				CLANG_WARN_EMPTY_BODY = YES;
				CLANG_WARN_ENUM_CONVERSION = YES;
				CLANG_WARN_INFINITE_RECURSION = YES;
				CLANG_WARN_INT_CONVERSION = YES;
				CLANG_WARN_NON_LITERAL_NULL_CONVERSION = YES;
				CLANG_WARN_OBJC_IMPLICIT_RETAIN_SELF = YES;
				CLANG_WARN_OBJC_LITERAL_CONVERSION = YES;
				CLANG_WARN_OBJC_ROOT_CLASS = YES_ERROR;
				CLANG_WARN_QUOTED_INCLUDE_IN_FRAMEWORK_HEADER = YES;
				CLANG_WARN_RANGE_LOOP_ANALYSIS = YES;
				CLANG_WARN_STRICT_PROTOTYPES = YES;
				CLANG_WARN_SUSPICIOUS_MOVE = YES;
				CLANG_WARN_UNGUARDED_AVAILABILITY = YES_AGGRESSIVE;
				CLANG_WARN_UNREACHABLE_CODE = YES;
				CLANG_WARN__DUPLICATE_METHOD_MATCH = YES;
				COPY_PHASE_STRIP = NO;
				DEBUG_INFORMATION_FORMAT = "dwarf-with-dsym";
				ENABLE_NS_ASSERTIONS = NO;
				ENABLE_STRICT_OBJC_MSGSEND = YES;
				ENABLE_USER_SCRIPT_SANDBOXING = YES;
				GCC_C_LANGUAGE_STANDARD = gnu17;
				GCC_NO_COMMON_BLOCKS = YES;
				GCC_WARN_64_TO_32_BIT_CONVERSION = YES;
				GCC_WARN_ABOUT_RETURN_TYPE = YES_ERROR;
				GCC_WARN_UNDECLARED_SELECTOR = YES;
				GCC_WARN_UNINITIALIZED_AUTOS = YES_AGGRESSIVE;
				GCC_WARN_UNUSED_FUNCTION = YES;
				GCC_WARN_UNUSED_VARIABLE = YES;
				IPHONEOS_DEPLOYMENT_TARGET = 17.0;
				LOCALIZATION_PREFERS_STRING_CATALOGS = YES;
				MTL_ENABLE_DEBUG_INFO = NO;
				MTL_FAST_MATH = YES;
				SDKROOT = iphoneos;
				SWIFT_COMPILATION_MODE = wholemodule;
				VALIDATE_PRODUCT = YES;
			};
			name = Release;
		};
		AFD326262ACBC7BF00A40061 /* Debug */ = {
			isa = XCBuildConfiguration;
			buildSettings = {
				ASSETCATALOG_COMPILER_APPICON_NAME = AppIcon;
				ASSETCATALOG_COMPILER_GLOBAL_ACCENT_COLOR_NAME = AccentColor;
				CODE_SIGN_STYLE = Automatic;
				CURRENT_PROJECT_VERSION = 1;
				DEVELOPMENT_ASSET_PATHS = "\"TestButtonAction/Preview Content\"";
				DEVELOPMENT_TEAM = SHD85U93TL;
				ENABLE_PREVIEWS = YES;
				GENERATE_INFOPLIST_FILE = YES;
				INFOPLIST_KEY_UIApplicationSceneManifest_Generation = YES;
				INFOPLIST_KEY_UIApplicationSupportsIndirectInputEvents = YES;
				INFOPLIST_KEY_UILaunchScreen_Generation = YES;
				INFOPLIST_KEY_UISupportedInterfaceOrientations_iPad = "UIInterfaceOrientationPortrait UIInterfaceOrientationPortraitUpsideDown UIInterfaceOrientationLandscapeLeft UIInterfaceOrientationLandscapeRight";
				INFOPLIST_KEY_UISupportedInterfaceOrientations_iPhone = "UIInterfaceOrientationPortrait UIInterfaceOrientationLandscapeLeft UIInterfaceOrientationLandscapeRight";
				LD_RUNPATH_SEARCH_PATHS = (
					"$(inherited)",
					"@executable_path/Frameworks",
				);
				MARKETING_VERSION = 1.0;
				PRODUCT_BUNDLE_IDENTIFIER = nts.sixblack.TestButtonAction;
				PRODUCT_NAME = "$(TARGET_NAME)";
				SWIFT_EMIT_LOC_STRINGS = YES;
				SWIFT_VERSION = 5.0;
				TARGETED_DEVICE_FAMILY = "1,2";
			};
			name = Debug;
		};
		AFD326272ACBC7BF00A40061 /* Release */ = {
			isa = XCBuildConfiguration;
			buildSettings = {
				ASSETCATALOG_COMPILER_APPICON_NAME = AppIcon;
				ASSETCATALOG_COMPILER_GLOBAL_ACCENT_COLOR_NAME = AccentColor;
				CODE_SIGN_STYLE = Automatic;
				CURRENT_PROJECT_VERSION = 1;
				DEVELOPMENT_ASSET_PATHS = "\"TestButtonAction/Preview Content\"";
				DEVELOPMENT_TEAM = SHD85U93TL;
				ENABLE_PREVIEWS = YES;
				GENERATE_INFOPLIST_FILE = YES;
				INFOPLIST_KEY_UIApplicationSceneManifest_Generation = YES;
				INFOPLIST_KEY_UIApplicationSupportsIndirectInputEvents = YES;
				INFOPLIST_KEY_UILaunchScreen_Generation = YES;
				INFOPLIST_KEY_UISupportedInterfaceOrientations_iPad = "UIInterfaceOrientationPortrait UIInterfaceOrientationPortraitUpsideDown UIInterfaceOrientationLandscapeLeft UIInterfaceOrientationLandscapeRight";
				INFOPLIST_KEY_UISupportedInterfaceOrientations_iPhone = "UIInterfaceOrientationPortrait UIInterfaceOrientationLandscapeLeft UIInterfaceOrientationLandscapeRight";
				LD_RUNPATH_SEARCH_PATHS = (
					"$(inherited)",
					"@executable_path/Frameworks",
				);
				MARKETING_VERSION = 1.0;
				PRODUCT_BUNDLE_IDENTIFIER = nts.sixblack.TestButtonAction;
				PRODUCT_NAME = "$(TARGET_NAME)";
				SWIFT_EMIT_LOC_STRINGS = YES;
				SWIFT_VERSION = 5.0;
				TARGETED_DEVICE_FAMILY = "1,2";
			};
			name = Release;
		};
		AFD326292ACBC7BF00A40061 /* Debug */ = {
			isa = XCBuildConfiguration;
			buildSettings = {
				ALWAYS_EMBED_SWIFT_STANDARD_LIBRARIES = YES;
				BUNDLE_LOADER = "$(TEST_HOST)";
				CODE_SIGN_STYLE = Automatic;
				CURRENT_PROJECT_VERSION = 1;
				DEVELOPMENT_TEAM = SHD85U93TL;
				GENERATE_INFOPLIST_FILE = YES;
				IPHONEOS_DEPLOYMENT_TARGET = 17.0;
				MARKETING_VERSION = 1.0;
				PRODUCT_BUNDLE_IDENTIFIER = nts.sixblack.TestButtonActionTests;
				PRODUCT_NAME = "$(TARGET_NAME)";
				SWIFT_EMIT_LOC_STRINGS = NO;
				SWIFT_VERSION = 5.0;
				TARGETED_DEVICE_FAMILY = "1,2";
				TEST_HOST = "$(BUILT_PRODUCTS_DIR)/TestButtonAction.app/$(BUNDLE_EXECUTABLE_FOLDER_PATH)/TestButtonAction";
			};
			name = Debug;
		};
		AFD3262A2ACBC7BF00A40061 /* Release */ = {
			isa = XCBuildConfiguration;
			buildSettings = {
				ALWAYS_EMBED_SWIFT_STANDARD_LIBRARIES = YES;
				BUNDLE_LOADER = "$(TEST_HOST)";
				CODE_SIGN_STYLE = Automatic;
				CURRENT_PROJECT_VERSION = 1;
				DEVELOPMENT_TEAM = SHD85U93TL;
				GENERATE_INFOPLIST_FILE = YES;
				IPHONEOS_DEPLOYMENT_TARGET = 17.0;
				MARKETING_VERSION = 1.0;
				PRODUCT_BUNDLE_IDENTIFIER = nts.sixblack.TestButtonActionTests;
				PRODUCT_NAME = "$(TARGET_NAME)";
				SWIFT_EMIT_LOC_STRINGS = NO;
				SWIFT_VERSION = 5.0;
				TARGETED_DEVICE_FAMILY = "1,2";
				TEST_HOST = "$(BUILT_PRODUCTS_DIR)/TestButtonAction.app/$(BUNDLE_EXECUTABLE_FOLDER_PATH)/TestButtonAction";
			};
			name = Release;
		};
		AFD3262C2ACBC7BF00A40061 /* Debug */ = {
			isa = XCBuildConfiguration;
			buildSettings = {
				ALWAYS_EMBED_SWIFT_STANDARD_LIBRARIES = YES;
				CODE_SIGN_STYLE = Automatic;
				CURRENT_PROJECT_VERSION = 1;
				DEVELOPMENT_TEAM = SHD85U93TL;
				GENERATE_INFOPLIST_FILE = YES;
				MARKETING_VERSION = 1.0;
				PRODUCT_BUNDLE_IDENTIFIER = nts.sixblack.TestButtonActionUITests;
				PRODUCT_NAME = "$(TARGET_NAME)";
				SWIFT_EMIT_LOC_STRINGS = NO;
				SWIFT_VERSION = 5.0;
				TARGETED_DEVICE_FAMILY = "1,2";
				TEST_TARGET_NAME = TestButtonAction;
			};
			name = Debug;
		};
		AFD3262D2ACBC7BF00A40061 /* Release */ = {
			isa = XCBuildConfiguration;
			buildSettings = {
				ALWAYS_EMBED_SWIFT_STANDARD_LIBRARIES = YES;
				CODE_SIGN_STYLE = Automatic;
				CURRENT_PROJECT_VERSION = 1;
				DEVELOPMENT_TEAM = SHD85U93TL;
				GENERATE_INFOPLIST_FILE = YES;
				MARKETING_VERSION = 1.0;
				PRODUCT_BUNDLE_IDENTIFIER = nts.sixblack.TestButtonActionUITests;
				PRODUCT_NAME = "$(TARGET_NAME)";
				SWIFT_EMIT_LOC_STRINGS = NO;
				SWIFT_VERSION = 5.0;
				TARGETED_DEVICE_FAMILY = "1,2";
				TEST_TARGET_NAME = TestButtonAction;
			};
			name = Release;
		};
/* End XCBuildConfiguration section */

/* Begin XCConfigurationList section */
		AFD325FC2ACBC7BE00A40061 /* Build configuration list for PBXProject "TestButtonAction" */ = {
			isa = XCConfigurationList;
			buildConfigurations = (
				AFD326232ACBC7BF00A40061 /* Debug */,
				AFD326242ACBC7BF00A40061 /* Release */,
			);
			defaultConfigurationIsVisible = 0;
			defaultConfigurationName = Release;
		};
		AFD326252ACBC7BF00A40061 /* Build configuration list for PBXNativeTarget "TestButtonAction" */ = {
			isa = XCConfigurationList;
			buildConfigurations = (
				AFD326262ACBC7BF00A40061 /* Debug */,
				AFD326272ACBC7BF00A40061 /* Release */,
			);
			defaultConfigurationIsVisible = 0;
			defaultConfigurationName = Release;
		};
		AFD326282ACBC7BF00A40061 /* Build configuration list for PBXNativeTarget "TestButtonActionTests" */ = {
			isa = XCConfigurationList;
			buildConfigurations = (
				AFD326292ACBC7BF00A40061 /* Debug */,
				AFD3262A2ACBC7BF00A40061 /* Release */,
			);
			defaultConfigurationIsVisible = 0;
			defaultConfigurationName = Release;
		};
		AFD3262B2ACBC7BF00A40061 /* Build configuration list for PBXNativeTarget "TestButtonActionUITests" */ = {
			isa = XCConfigurationList;
			buildConfigurations = (
				AFD3262C2ACBC7BF00A40061 /* Debug */,
				AFD3262D2ACBC7BF00A40061 /* Release */,
			);
			defaultConfigurationIsVisible = 0;
			defaultConfigurationName = Release;
		};
/* End XCConfigurationList section */
	};
	rootObject = AFD325F92ACBC7BE00A40061 /* Project object */;
}
